# THIS IS AN AUTOGENERATED FILE. DO NOT EDIT THIS FILE DIRECTLY.
# yarn lockfile v1


"@aws-amplify/auth@^3.4.7":
  version "3.4.7"
  resolved "https://registry.yarnpkg.com/@aws-amplify/auth/-/auth-3.4.7.tgz#d0d25a3b7ad8ba30e309b38ebab93861cb4f1a00"
  dependencies:
    "@aws-amplify/cache" "^3.1.32"
    "@aws-amplify/core" "^3.7.0"
    amazon-cognito-identity-js "^4.5.0"
    crypto-js "^3.3.0"

"@aws-amplify/cache@^3.1.32":
  version "3.1.32"
  resolved "https://registry.yarnpkg.com/@aws-amplify/cache/-/cache-3.1.32.tgz#f1b327f14882dae96ae1fc8263c603c0f2135ee4"
  dependencies:
    "@aws-amplify/core" "^3.7.0"

"@aws-amplify/core@^3.7.0":
  version "3.7.0"
  resolved "https://registry.yarnpkg.com/@aws-amplify/core/-/core-3.7.0.tgz#30fa8ac3bf595cefc5cb7ed80239b5027089146c"
  dependencies:
    "@aws-crypto/sha256-js" "1.0.0-alpha.0"
    "@aws-sdk/client-cognito-identity" "1.0.0-gamma.8"
    "@aws-sdk/credential-provider-cognito-identity" "1.0.0-gamma.8"
    "@aws-sdk/node-http-handler" "1.0.0-gamma.7"
    "@aws-sdk/types" "1.0.0-gamma.6"
    "@aws-sdk/util-hex-encoding" "1.0.0-gamma.6"
    "@aws-sdk/util-user-agent-browser" "1.0.0-gamma.7"
    universal-cookie "^4.0.4"
    url "^0.11.0"
    zen-observable-ts "0.8.19"

"@aws-amplify/interactions@^3.3.7":
  version "3.3.7"
  resolved "https://registry.yarnpkg.com/@aws-amplify/interactions/-/interactions-3.3.7.tgz#c26d470efe807fbe0049f20047f2fe14b6cf6fae"
  dependencies:
    "@aws-amplify/core" "^3.7.0"
    "@aws-sdk/client-lex-runtime-service" "1.0.0-gamma.8"

"@aws-amplify/storage@^3.3.7":
  version "3.3.7"
  resolved "https://registry.yarnpkg.com/@aws-amplify/storage/-/storage-3.3.7.tgz#ead55e97d33cbf302e48bb383df8a63b975aea5d"
  dependencies:
    "@aws-amplify/core" "^3.7.0"
    "@aws-sdk/client-s3" "1.0.0-gamma.8"
    "@aws-sdk/s3-request-presigner" "1.0.0-gamma.7"
    "@aws-sdk/util-create-request" "1.0.0-gamma.7"
    "@aws-sdk/util-format-url" "1.0.0-gamma.7"
    axios "0.19.0"
    events "^3.1.0"
    sinon "^7.5.0"

"@aws-amplify/ui-components@^0.8.7":
  version "0.8.7"
  resolved "https://registry.yarnpkg.com/@aws-amplify/ui-components/-/ui-components-0.8.7.tgz#dcfc2f6ba4e589d7fe31c8450a2338dc6ae54897"
  dependencies:
    "@aws-amplify/auth" "^3.4.7"
    "@aws-amplify/core" "^3.7.0"
    "@aws-amplify/interactions" "^3.3.7"
    "@aws-amplify/storage" "^3.3.7"
    "@aws-amplify/xr" "^2.2.7"
    qrcode "^1.4.4"
    uuid "^8.2.0"

"@aws-amplify/ui-react@^0.2.24":
  version "0.2.24"
  resolved "https://registry.yarnpkg.com/@aws-amplify/ui-react/-/ui-react-0.2.24.tgz#b05a15b9a5ee46fdbe26fd4af1559697ec397125"
  dependencies:
    "@aws-amplify/ui-components" "^0.8.7"

"@aws-amplify/xr@^2.2.7":
  version "2.2.7"
  resolved "https://registry.yarnpkg.com/@aws-amplify/xr/-/xr-2.2.7.tgz#cc252354c70c4ed219df50df4832eaefdf00c82a"
  dependencies:
    "@aws-amplify/core" "^3.7.0"

"@aws-crypto/crc32@^1.0.0-alpha.0":
  version "1.0.0"
  resolved "https://registry.yarnpkg.com/@aws-crypto/crc32/-/crc32-1.0.0.tgz#6a0164fd92bb365860ba6afb5dfef449701eb8ca"
  dependencies:
    tslib "^1.11.1"

"@aws-crypto/ie11-detection@^1.0.0":
  version "1.0.0"
  resolved "https://registry.yarnpkg.com/@aws-crypto/ie11-detection/-/ie11-detection-1.0.0.tgz#d3a6af29ba7f15458f79c41d1cd8cac3925e726a"
  dependencies:
    tslib "^1.11.1"

"@aws-crypto/sha256-browser@^1.0.0-alpha.0":
  version "1.0.0"
  resolved "https://registry.yarnpkg.com/@aws-crypto/sha256-browser/-/sha256-browser-1.0.0.tgz#9c34d3b829d922b2c8e077b30a60db53d6befcb1"
  dependencies:
    "@aws-crypto/ie11-detection" "^1.0.0"
    "@aws-crypto/sha256-js" "^1.0.0"
    "@aws-crypto/supports-web-crypto" "^1.0.0"
    "@aws-sdk/types" "^1.0.0-rc.1"
    "@aws-sdk/util-locate-window" "^1.0.0-rc.1"
    "@aws-sdk/util-utf8-browser" "^1.0.0-rc.1"
    tslib "^1.11.1"

"@aws-crypto/sha256-js@1.0.0-alpha.0":
  version "1.0.0-alpha.0"
  resolved "https://registry.yarnpkg.com/@aws-crypto/sha256-js/-/sha256-js-1.0.0-alpha.0.tgz#1146f6fa823001a9065ce60db5bf1afcc7c1cc3a"
  dependencies:
    "@aws-sdk/types" "^1.0.0-alpha.0"
    "@aws-sdk/util-utf8-browser" "^1.0.0-alpha.0"
    tslib "^1.9.3"

"@aws-crypto/sha256-js@^1.0.0", "@aws-crypto/sha256-js@^1.0.0-alpha.0":
  version "1.0.0"
  resolved "https://registry.yarnpkg.com/@aws-crypto/sha256-js/-/sha256-js-1.0.0.tgz#ca788a3242a4024c386e6b9985da28f290a79ad7"
  dependencies:
    "@aws-sdk/types" "^1.0.0-rc.1"
    "@aws-sdk/util-utf8-browser" "^1.0.0-rc.1"
    tslib "^1.11.1"

"@aws-crypto/supports-web-crypto@^1.0.0":
  version "1.0.0"
  resolved "https://registry.yarnpkg.com/@aws-crypto/supports-web-crypto/-/supports-web-crypto-1.0.0.tgz#c40901bc17ac1e875e248df16a2b47ad8bfd9a93"
  dependencies:
    tslib "^1.11.1"

"@aws-sdk/abort-controller@1.0.0-gamma.7":
  version "1.0.0-gamma.7"
  resolved "https://registry.yarnpkg.com/@aws-sdk/abort-controller/-/abort-controller-1.0.0-gamma.7.tgz#0fbef3b4c705a998bd6945193d81add898602334"
  dependencies:
    "@aws-sdk/types" "1.0.0-gamma.6"
    tslib "^1.8.0"

"@aws-sdk/chunked-blob-reader-native@1.0.0-gamma.6":
  version "1.0.0-gamma.6"
  resolved "https://registry.yarnpkg.com/@aws-sdk/chunked-blob-reader-native/-/chunked-blob-reader-native-1.0.0-gamma.6.tgz#8ad99b46b8688da06770c1c4e0222048d07ef6b1"
  dependencies:
    "@aws-sdk/util-base64-browser" "1.0.0-gamma.6"
    tslib "^1.8.0"

"@aws-sdk/chunked-blob-reader@1.0.0-gamma.6":
  version "1.0.0-gamma.6"
  resolved "https://registry.yarnpkg.com/@aws-sdk/chunked-blob-reader/-/chunked-blob-reader-1.0.0-gamma.6.tgz#e3d1a07ae0b390e625df59793955cc3666088802"
  dependencies:
    tslib "^1.8.0"

"@aws-sdk/client-cognito-identity@1.0.0-gamma.8":
  version "1.0.0-gamma.8"
  resolved "https://registry.yarnpkg.com/@aws-sdk/client-cognito-identity/-/client-cognito-identity-1.0.0-gamma.8.tgz#d2992320d4719eae06ede9804ec3baf3f17af4e8"
  dependencies:
    "@aws-crypto/sha256-browser" "^1.0.0-alpha.0"
    "@aws-crypto/sha256-js" "^1.0.0-alpha.0"
    "@aws-sdk/config-resolver" "1.0.0-gamma.7"
    "@aws-sdk/credential-provider-node" "1.0.0-gamma.7"
    "@aws-sdk/fetch-http-handler" "1.0.0-gamma.8"
    "@aws-sdk/hash-node" "1.0.0-gamma.7"
    "@aws-sdk/invalid-dependency" "1.0.0-gamma.5"
    "@aws-sdk/middleware-content-length" "1.0.0-gamma.7"
    "@aws-sdk/middleware-host-header" "1.0.0-gamma.7"
    "@aws-sdk/middleware-logger" "1.0.0-gamma.1"
    "@aws-sdk/middleware-retry" "1.0.0-gamma.7"
    "@aws-sdk/middleware-serde" "1.0.0-gamma.6"
    "@aws-sdk/middleware-signing" "1.0.0-gamma.7"
    "@aws-sdk/middleware-stack" "1.0.0-gamma.7"
    "@aws-sdk/middleware-user-agent" "1.0.0-gamma.7"
    "@aws-sdk/node-config-provider" "1.0.0-gamma.2"
    "@aws-sdk/node-http-handler" "1.0.0-gamma.7"
    "@aws-sdk/protocol-http" "1.0.0-gamma.7"
    "@aws-sdk/smithy-client" "1.0.0-gamma.7"
    "@aws-sdk/types" "1.0.0-gamma.6"
    "@aws-sdk/url-parser-browser" "1.0.0-gamma.7"
    "@aws-sdk/url-parser-node" "1.0.0-gamma.7"
    "@aws-sdk/util-base64-browser" "1.0.0-gamma.6"
    "@aws-sdk/util-base64-node" "1.0.0-gamma.6"
    "@aws-sdk/util-body-length-browser" "1.0.0-gamma.6"
    "@aws-sdk/util-body-length-node" "1.0.0-gamma.6"
    "@aws-sdk/util-user-agent-browser" "1.0.0-gamma.7"
    "@aws-sdk/util-user-agent-node" "1.0.0-gamma.7"
    "@aws-sdk/util-utf8-browser" "1.0.0-gamma.6"
    "@aws-sdk/util-utf8-node" "1.0.0-gamma.6"
    tslib "^2.0.0"

"@aws-sdk/client-lex-runtime-service@1.0.0-gamma.8":
  version "1.0.0-gamma.8"
  resolved "https://registry.yarnpkg.com/@aws-sdk/client-lex-runtime-service/-/client-lex-runtime-service-1.0.0-gamma.8.tgz#ff78b584be5bcea7dfe7b20d2382d7eac495d40c"
  dependencies:
    "@aws-crypto/sha256-browser" "^1.0.0-alpha.0"
    "@aws-crypto/sha256-js" "^1.0.0-alpha.0"
    "@aws-sdk/config-resolver" "1.0.0-gamma.7"
    "@aws-sdk/credential-provider-node" "1.0.0-gamma.7"
    "@aws-sdk/fetch-http-handler" "1.0.0-gamma.8"
    "@aws-sdk/hash-node" "1.0.0-gamma.7"
    "@aws-sdk/invalid-dependency" "1.0.0-gamma.5"
    "@aws-sdk/middleware-content-length" "1.0.0-gamma.7"
    "@aws-sdk/middleware-host-header" "1.0.0-gamma.7"
    "@aws-sdk/middleware-logger" "1.0.0-gamma.1"
    "@aws-sdk/middleware-retry" "1.0.0-gamma.7"
    "@aws-sdk/middleware-serde" "1.0.0-gamma.6"
    "@aws-sdk/middleware-signing" "1.0.0-gamma.7"
    "@aws-sdk/middleware-stack" "1.0.0-gamma.7"
    "@aws-sdk/middleware-user-agent" "1.0.0-gamma.7"
    "@aws-sdk/node-config-provider" "1.0.0-gamma.2"
    "@aws-sdk/node-http-handler" "1.0.0-gamma.7"
    "@aws-sdk/protocol-http" "1.0.0-gamma.7"
    "@aws-sdk/smithy-client" "1.0.0-gamma.7"
    "@aws-sdk/types" "1.0.0-gamma.6"
    "@aws-sdk/url-parser-browser" "1.0.0-gamma.7"
    "@aws-sdk/url-parser-node" "1.0.0-gamma.7"
    "@aws-sdk/util-base64-browser" "1.0.0-gamma.6"
    "@aws-sdk/util-base64-node" "1.0.0-gamma.6"
    "@aws-sdk/util-body-length-browser" "1.0.0-gamma.6"
    "@aws-sdk/util-body-length-node" "1.0.0-gamma.6"
    "@aws-sdk/util-user-agent-browser" "1.0.0-gamma.7"
    "@aws-sdk/util-user-agent-node" "1.0.0-gamma.7"
    "@aws-sdk/util-utf8-browser" "1.0.0-gamma.6"
    "@aws-sdk/util-utf8-node" "1.0.0-gamma.6"
    tslib "^2.0.0"

"@aws-sdk/client-s3@1.0.0-gamma.8":
  version "1.0.0-gamma.8"
  resolved "https://registry.yarnpkg.com/@aws-sdk/client-s3/-/client-s3-1.0.0-gamma.8.tgz#d853f3bdeeab4bc953c0645b241c8ca0b2138973"
  dependencies:
    "@aws-crypto/sha256-browser" "^1.0.0-alpha.0"
    "@aws-crypto/sha256-js" "^1.0.0-alpha.0"
    "@aws-sdk/config-resolver" "1.0.0-gamma.7"
    "@aws-sdk/credential-provider-node" "1.0.0-gamma.7"
    "@aws-sdk/eventstream-serde-browser" "1.0.0-gamma.7"
    "@aws-sdk/eventstream-serde-config-resolver" "1.0.0-gamma.6"
    "@aws-sdk/eventstream-serde-node" "1.0.0-gamma.7"
    "@aws-sdk/fetch-http-handler" "1.0.0-gamma.8"
    "@aws-sdk/hash-blob-browser" "1.0.0-gamma.7"
    "@aws-sdk/hash-node" "1.0.0-gamma.7"
    "@aws-sdk/hash-stream-node" "1.0.0-gamma.7"
    "@aws-sdk/invalid-dependency" "1.0.0-gamma.5"
    "@aws-sdk/md5-js" "1.0.0-gamma.7"
    "@aws-sdk/middleware-apply-body-checksum" "1.0.0-gamma.7"
    "@aws-sdk/middleware-bucket-endpoint" "1.0.0-gamma.7"
    "@aws-sdk/middleware-content-length" "1.0.0-gamma.7"
    "@aws-sdk/middleware-expect-continue" "1.0.0-gamma.7"
    "@aws-sdk/middleware-host-header" "1.0.0-gamma.7"
    "@aws-sdk/middleware-location-constraint" "1.0.0-gamma.7"
    "@aws-sdk/middleware-logger" "1.0.0-gamma.1"
    "@aws-sdk/middleware-retry" "1.0.0-gamma.7"
    "@aws-sdk/middleware-sdk-s3" "1.0.0-gamma.7"
    "@aws-sdk/middleware-serde" "1.0.0-gamma.6"
    "@aws-sdk/middleware-signing" "1.0.0-gamma.7"
    "@aws-sdk/middleware-ssec" "1.0.0-gamma.7"
    "@aws-sdk/middleware-stack" "1.0.0-gamma.7"
    "@aws-sdk/middleware-user-agent" "1.0.0-gamma.7"
    "@aws-sdk/node-config-provider" "1.0.0-gamma.2"
    "@aws-sdk/node-http-handler" "1.0.0-gamma.7"
    "@aws-sdk/protocol-http" "1.0.0-gamma.7"
    "@aws-sdk/smithy-client" "1.0.0-gamma.7"
    "@aws-sdk/types" "1.0.0-gamma.6"
    "@aws-sdk/url-parser-browser" "1.0.0-gamma.7"
    "@aws-sdk/url-parser-node" "1.0.0-gamma.7"
    "@aws-sdk/util-base64-browser" "1.0.0-gamma.6"
    "@aws-sdk/util-base64-node" "1.0.0-gamma.6"
    "@aws-sdk/util-body-length-browser" "1.0.0-gamma.6"
    "@aws-sdk/util-body-length-node" "1.0.0-gamma.6"
    "@aws-sdk/util-user-agent-browser" "1.0.0-gamma.7"
    "@aws-sdk/util-user-agent-node" "1.0.0-gamma.7"
    "@aws-sdk/util-utf8-browser" "1.0.0-gamma.6"
    "@aws-sdk/util-utf8-node" "1.0.0-gamma.6"
    "@aws-sdk/xml-builder" "1.0.0-gamma.6"
    fast-xml-parser "^3.16.0"
    tslib "^2.0.0"

"@aws-sdk/config-resolver@1.0.0-gamma.7":
  version "1.0.0-gamma.7"
  resolved "https://registry.yarnpkg.com/@aws-sdk/config-resolver/-/config-resolver-1.0.0-gamma.7.tgz#c76950c3ad78081888811572d57b29f4bfd7ecc5"
  dependencies:
    "@aws-sdk/signature-v4" "1.0.0-gamma.7"
    "@aws-sdk/types" "1.0.0-gamma.6"
    tslib "^1.8.0"

"@aws-sdk/credential-provider-cognito-identity@1.0.0-gamma.8":
  version "1.0.0-gamma.8"
  resolved "https://registry.yarnpkg.com/@aws-sdk/credential-provider-cognito-identity/-/credential-provider-cognito-identity-1.0.0-gamma.8.tgz#9b0411aec3ab6f8a411b4d11f5231f566acfecae"
  dependencies:
    "@aws-sdk/client-cognito-identity" "1.0.0-gamma.8"
    "@aws-sdk/property-provider" "1.0.0-gamma.7"
    "@aws-sdk/types" "1.0.0-gamma.6"
    tslib "^1.8.0"

"@aws-sdk/credential-provider-env@1.0.0-gamma.7":
  version "1.0.0-gamma.7"
  resolved "https://registry.yarnpkg.com/@aws-sdk/credential-provider-env/-/credential-provider-env-1.0.0-gamma.7.tgz#9b66cbd2f7ada9691279a36f5117af90c9692354"
  dependencies:
    "@aws-sdk/property-provider" "1.0.0-gamma.7"
    "@aws-sdk/types" "1.0.0-gamma.6"
    tslib "^1.8.0"

"@aws-sdk/credential-provider-imds@1.0.0-gamma.7":
  version "1.0.0-gamma.7"
  resolved "https://registry.yarnpkg.com/@aws-sdk/credential-provider-imds/-/credential-provider-imds-1.0.0-gamma.7.tgz#9088ff460027eca1a65af589bcb363f079cf44ce"
  dependencies:
    "@aws-sdk/property-provider" "1.0.0-gamma.7"
    "@aws-sdk/types" "1.0.0-gamma.6"
    tslib "^1.8.0"

"@aws-sdk/credential-provider-ini@1.0.0-gamma.7":
  version "1.0.0-gamma.7"
  resolved "https://registry.yarnpkg.com/@aws-sdk/credential-provider-ini/-/credential-provider-ini-1.0.0-gamma.7.tgz#c6725ac948801eba69d64ef310971ece6b4ffd45"
  dependencies:
    "@aws-sdk/property-provider" "1.0.0-gamma.7"
    "@aws-sdk/shared-ini-file-loader" "1.0.0-gamma.6"
    "@aws-sdk/types" "1.0.0-gamma.6"
    tslib "^1.8.0"

"@aws-sdk/credential-provider-node@1.0.0-gamma.7":
  version "1.0.0-gamma.7"
  resolved "https://registry.yarnpkg.com/@aws-sdk/credential-provider-node/-/credential-provider-node-1.0.0-gamma.7.tgz#65160a8be2e05548d13a27aa66083b02578a5a39"
  dependencies:
    "@aws-sdk/credential-provider-env" "1.0.0-gamma.7"
    "@aws-sdk/credential-provider-imds" "1.0.0-gamma.7"
    "@aws-sdk/credential-provider-ini" "1.0.0-gamma.7"
    "@aws-sdk/credential-provider-process" "1.0.0-gamma.7"
    "@aws-sdk/property-provider" "1.0.0-gamma.7"
    "@aws-sdk/types" "1.0.0-gamma.6"
    tslib "^1.8.0"

"@aws-sdk/credential-provider-process@1.0.0-gamma.7":
  version "1.0.0-gamma.7"
  resolved "https://registry.yarnpkg.com/@aws-sdk/credential-provider-process/-/credential-provider-process-1.0.0-gamma.7.tgz#247c31e79a841c1fa1bdf17b24c53217d23a4329"
  dependencies:
    "@aws-sdk/credential-provider-ini" "1.0.0-gamma.7"
    "@aws-sdk/property-provider" "1.0.0-gamma.7"
    "@aws-sdk/shared-ini-file-loader" "1.0.0-gamma.6"
    "@aws-sdk/types" "1.0.0-gamma.6"
    tslib "^1.8.0"

"@aws-sdk/eventstream-marshaller@1.0.0-gamma.7":
  version "1.0.0-gamma.7"
  resolved "https://registry.yarnpkg.com/@aws-sdk/eventstream-marshaller/-/eventstream-marshaller-1.0.0-gamma.7.tgz#e2af9679336c3392a188bc369bb58c1389bd5822"
  dependencies:
    "@aws-crypto/crc32" "^1.0.0-alpha.0"
    "@aws-sdk/types" "1.0.0-gamma.6"
    "@aws-sdk/util-hex-encoding" "1.0.0-gamma.6"
    tslib "^1.8.0"

"@aws-sdk/eventstream-serde-browser@1.0.0-gamma.7":
  version "1.0.0-gamma.7"
  resolved "https://registry.yarnpkg.com/@aws-sdk/eventstream-serde-browser/-/eventstream-serde-browser-1.0.0-gamma.7.tgz#c251ea7e88046298f64bdb0689f09e6e4e3ac533"
  dependencies:
    "@aws-sdk/eventstream-marshaller" "1.0.0-gamma.7"
    "@aws-sdk/eventstream-serde-universal" "1.0.0-gamma.6"
    "@aws-sdk/types" "1.0.0-gamma.6"
    tslib "^1.8.0"

"@aws-sdk/eventstream-serde-config-resolver@1.0.0-gamma.6":
  version "1.0.0-gamma.6"
  resolved "https://registry.yarnpkg.com/@aws-sdk/eventstream-serde-config-resolver/-/eventstream-serde-config-resolver-1.0.0-gamma.6.tgz#e6d964cb78d94d7a5d36f8ac2d7828dd5c534a07"
  dependencies:
    "@aws-sdk/types" "1.0.0-gamma.6"
    tslib "^1.8.0"

"@aws-sdk/eventstream-serde-node@1.0.0-gamma.7":
  version "1.0.0-gamma.7"
  resolved "https://registry.yarnpkg.com/@aws-sdk/eventstream-serde-node/-/eventstream-serde-node-1.0.0-gamma.7.tgz#128aa322d8064fc2eaf02f35c01a1e09d5a318ce"
  dependencies:
    "@aws-sdk/eventstream-marshaller" "1.0.0-gamma.7"
    "@aws-sdk/eventstream-serde-universal" "1.0.0-gamma.6"
    "@aws-sdk/types" "1.0.0-gamma.6"
    tslib "^1.8.0"

"@aws-sdk/eventstream-serde-universal@1.0.0-gamma.6":
  version "1.0.0-gamma.6"
  resolved "https://registry.yarnpkg.com/@aws-sdk/eventstream-serde-universal/-/eventstream-serde-universal-1.0.0-gamma.6.tgz#68e54f22a3da822fcfe254d58f394f803b24555b"
  dependencies:
    "@aws-sdk/eventstream-marshaller" "1.0.0-gamma.7"
    "@aws-sdk/types" "1.0.0-gamma.6"
    tslib "^1.8.0"

"@aws-sdk/fetch-http-handler@1.0.0-gamma.8":
  version "1.0.0-gamma.8"
  resolved "https://registry.yarnpkg.com/@aws-sdk/fetch-http-handler/-/fetch-http-handler-1.0.0-gamma.8.tgz#cbaa389f28c556ad451984cd79a4e426957a56ec"
  dependencies:
    "@aws-sdk/protocol-http" "1.0.0-gamma.7"
    "@aws-sdk/querystring-builder" "1.0.0-gamma.7"
    "@aws-sdk/types" "1.0.0-gamma.6"
    "@aws-sdk/util-base64-browser" "1.0.0-gamma.6"
    tslib "^1.8.0"

"@aws-sdk/hash-blob-browser@1.0.0-gamma.7":
  version "1.0.0-gamma.7"
  resolved "https://registry.yarnpkg.com/@aws-sdk/hash-blob-browser/-/hash-blob-browser-1.0.0-gamma.7.tgz#af96208803c98f3d5a058352affb5b717e027aa5"
  dependencies:
    "@aws-sdk/chunked-blob-reader" "1.0.0-gamma.6"
    "@aws-sdk/chunked-blob-reader-native" "1.0.0-gamma.6"
    "@aws-sdk/types" "1.0.0-gamma.6"
    tslib "^1.8.0"

"@aws-sdk/hash-node@1.0.0-gamma.7":
  version "1.0.0-gamma.7"
  resolved "https://registry.yarnpkg.com/@aws-sdk/hash-node/-/hash-node-1.0.0-gamma.7.tgz#e306406798de01dc1143ddd41d0151ca625ee2e3"
  dependencies:
    "@aws-sdk/types" "1.0.0-gamma.6"
    "@aws-sdk/util-buffer-from" "1.0.0-gamma.6"
    tslib "^1.8.0"

"@aws-sdk/hash-stream-node@1.0.0-gamma.7":
  version "1.0.0-gamma.7"
  resolved "https://registry.yarnpkg.com/@aws-sdk/hash-stream-node/-/hash-stream-node-1.0.0-gamma.7.tgz#8ec8a86f26c6de66ac2353067558279d6b0f9c9d"
  dependencies:
    "@aws-sdk/types" "1.0.0-gamma.6"
    tslib "^1.8.0"

"@aws-sdk/invalid-dependency@1.0.0-gamma.5":
  version "1.0.0-gamma.5"
  resolved "https://registry.yarnpkg.com/@aws-sdk/invalid-dependency/-/invalid-dependency-1.0.0-gamma.5.tgz#07d6a74167b2110ebcdac2f802f22f4255d8ed81"
  dependencies:
    tslib "^1.8.0"

"@aws-sdk/is-array-buffer@1.0.0-gamma.6":
  version "1.0.0-gamma.6"
  resolved "https://registry.yarnpkg.com/@aws-sdk/is-array-buffer/-/is-array-buffer-1.0.0-gamma.6.tgz#07e994d6661504246dedd9fc5015c89fe63b8b10"
  dependencies:
    tslib "^1.8.0"

"@aws-sdk/md5-js@1.0.0-gamma.7":
  version "1.0.0-gamma.7"
  resolved "https://registry.yarnpkg.com/@aws-sdk/md5-js/-/md5-js-1.0.0-gamma.7.tgz#609acf9da836f6a2e75b1e21cb657f83dc6f810b"
  dependencies:
    "@aws-sdk/types" "1.0.0-gamma.6"
    "@aws-sdk/util-utf8-browser" "1.0.0-gamma.6"
    tslib "^1.8.0"

"@aws-sdk/middleware-apply-body-checksum@1.0.0-gamma.7":
  version "1.0.0-gamma.7"
  resolved "https://registry.yarnpkg.com/@aws-sdk/middleware-apply-body-checksum/-/middleware-apply-body-checksum-1.0.0-gamma.7.tgz#409769ef95bfebfa6a9925d6b1b5ca012606ca0e"
  dependencies:
    "@aws-sdk/is-array-buffer" "1.0.0-gamma.6"
    "@aws-sdk/protocol-http" "1.0.0-gamma.7"
    "@aws-sdk/types" "1.0.0-gamma.6"
    tslib "^1.8.0"

"@aws-sdk/middleware-bucket-endpoint@1.0.0-gamma.7":
  version "1.0.0-gamma.7"
  resolved "https://registry.yarnpkg.com/@aws-sdk/middleware-bucket-endpoint/-/middleware-bucket-endpoint-1.0.0-gamma.7.tgz#3a271b86f4951d04094a1deacac12b3ae0fbef2a"
  dependencies:
    "@aws-sdk/protocol-http" "1.0.0-gamma.7"
    "@aws-sdk/types" "1.0.0-gamma.6"
    "@aws-sdk/util-arn-parser" "1.0.0-gamma.3"
    tslib "^1.8.0"

"@aws-sdk/middleware-content-length@1.0.0-gamma.7":
  version "1.0.0-gamma.7"
  resolved "https://registry.yarnpkg.com/@aws-sdk/middleware-content-length/-/middleware-content-length-1.0.0-gamma.7.tgz#7b8842927d2b3a09bace34a6a491ad3a88e0a25d"
  dependencies:
    "@aws-sdk/protocol-http" "1.0.0-gamma.7"
    "@aws-sdk/types" "1.0.0-gamma.6"
    tslib "^1.8.0"

"@aws-sdk/middleware-expect-continue@1.0.0-gamma.7":
  version "1.0.0-gamma.7"
  resolved "https://registry.yarnpkg.com/@aws-sdk/middleware-expect-continue/-/middleware-expect-continue-1.0.0-gamma.7.tgz#347a8e89f6e4f7525af98546d9f654198b4c7b3d"
  dependencies:
    "@aws-sdk/middleware-header-default" "1.0.0-gamma.7"
    "@aws-sdk/protocol-http" "1.0.0-gamma.7"
    "@aws-sdk/types" "1.0.0-gamma.6"
    tslib "^1.8.0"

"@aws-sdk/middleware-header-default@1.0.0-gamma.7":
  version "1.0.0-gamma.7"
  resolved "https://registry.yarnpkg.com/@aws-sdk/middleware-header-default/-/middleware-header-default-1.0.0-gamma.7.tgz#d977445da36eba5df768806a85834e31fb189ce3"
  dependencies:
    "@aws-sdk/protocol-http" "1.0.0-gamma.7"
    "@aws-sdk/types" "1.0.0-gamma.6"
    tslib "^1.8.0"

"@aws-sdk/middleware-host-header@1.0.0-gamma.7":
  version "1.0.0-gamma.7"
  resolved "https://registry.yarnpkg.com/@aws-sdk/middleware-host-header/-/middleware-host-header-1.0.0-gamma.7.tgz#14da157c65543cf644d6df54a636437abc3787b4"
  dependencies:
    "@aws-sdk/protocol-http" "1.0.0-gamma.7"
    "@aws-sdk/types" "1.0.0-gamma.6"
    tslib "^1.8.0"

"@aws-sdk/middleware-location-constraint@1.0.0-gamma.7":
  version "1.0.0-gamma.7"
  resolved "https://registry.yarnpkg.com/@aws-sdk/middleware-location-constraint/-/middleware-location-constraint-1.0.0-gamma.7.tgz#902b380d741d7382a8076fd34342039b24e8b00c"
  dependencies:
    "@aws-sdk/types" "1.0.0-gamma.6"
    tslib "^1.8.0"

"@aws-sdk/middleware-logger@1.0.0-gamma.1":
  version "1.0.0-gamma.1"
  resolved "https://registry.yarnpkg.com/@aws-sdk/middleware-logger/-/middleware-logger-1.0.0-gamma.1.tgz#d4915e924b9cfb858ce89ced51ffd8be457af7f5"
  dependencies:
    "@aws-sdk/types" "1.0.0-gamma.6"
    tslib "^1.8.0"

"@aws-sdk/middleware-retry@1.0.0-gamma.7":
  version "1.0.0-gamma.7"
  resolved "https://registry.yarnpkg.com/@aws-sdk/middleware-retry/-/middleware-retry-1.0.0-gamma.7.tgz#4b548d16fb0f98df7538d47678ad4b70fa3439a6"
  dependencies:
    "@aws-sdk/protocol-http" "1.0.0-gamma.7"
    "@aws-sdk/service-error-classification" "1.0.0-gamma.7"
    "@aws-sdk/types" "1.0.0-gamma.6"
    react-native-get-random-values "^1.4.0"
    tslib "^1.8.0"
    uuid "^3.0.0"

"@aws-sdk/middleware-sdk-s3@1.0.0-gamma.7":
  version "1.0.0-gamma.7"
  resolved "https://registry.yarnpkg.com/@aws-sdk/middleware-sdk-s3/-/middleware-sdk-s3-1.0.0-gamma.7.tgz#315f84565be9f134d71553eaf371aa64d7da7c80"
  dependencies:
    "@aws-sdk/util-arn-parser" "1.0.0-gamma.3"
    tslib "^1.8.0"

"@aws-sdk/middleware-serde@1.0.0-gamma.6":
  version "1.0.0-gamma.6"
  resolved "https://registry.yarnpkg.com/@aws-sdk/middleware-serde/-/middleware-serde-1.0.0-gamma.6.tgz#9a35eadc41814daccb956448fb70cc96065afb91"
  dependencies:
    "@aws-sdk/types" "1.0.0-gamma.6"
    tslib "^1.8.0"

"@aws-sdk/middleware-signing@1.0.0-gamma.7":
  version "1.0.0-gamma.7"
  resolved "https://registry.yarnpkg.com/@aws-sdk/middleware-signing/-/middleware-signing-1.0.0-gamma.7.tgz#44591018d160c89031b6ab26131b513c89feff36"
  dependencies:
    "@aws-sdk/protocol-http" "1.0.0-gamma.7"
    "@aws-sdk/signature-v4" "1.0.0-gamma.7"
    "@aws-sdk/types" "1.0.0-gamma.6"
    tslib "^1.8.0"

"@aws-sdk/middleware-ssec@1.0.0-gamma.7":
  version "1.0.0-gamma.7"
  resolved "https://registry.yarnpkg.com/@aws-sdk/middleware-ssec/-/middleware-ssec-1.0.0-gamma.7.tgz#93ae363ebd0de10da0b594ad5e420470de528b1c"
  dependencies:
    "@aws-sdk/types" "1.0.0-gamma.6"
    tslib "^1.8.0"

"@aws-sdk/middleware-stack@1.0.0-gamma.7":
  version "1.0.0-gamma.7"
  resolved "https://registry.yarnpkg.com/@aws-sdk/middleware-stack/-/middleware-stack-1.0.0-gamma.7.tgz#921359bc2cbd3ee318aee92e3ac807e113816130"
  dependencies:
    "@aws-sdk/types" "1.0.0-gamma.6"
    tslib "^1.8.0"

"@aws-sdk/middleware-user-agent@1.0.0-gamma.7":
  version "1.0.0-gamma.7"
  resolved "https://registry.yarnpkg.com/@aws-sdk/middleware-user-agent/-/middleware-user-agent-1.0.0-gamma.7.tgz#f869af84ddcc29dce643d8af54405c45dd90c2c7"
  dependencies:
    "@aws-sdk/protocol-http" "1.0.0-gamma.7"
    "@aws-sdk/types" "1.0.0-gamma.6"
    tslib "^1.8.0"

"@aws-sdk/node-config-provider@1.0.0-gamma.2":
  version "1.0.0-gamma.2"
  resolved "https://registry.yarnpkg.com/@aws-sdk/node-config-provider/-/node-config-provider-1.0.0-gamma.2.tgz#9da3a90cd39f61e5250fbfbcba9ec1f6b032687b"
  dependencies:
    "@aws-sdk/property-provider" "1.0.0-gamma.7"
    "@aws-sdk/shared-ini-file-loader" "1.0.0-gamma.6"
    "@aws-sdk/types" "1.0.0-gamma.6"
    tslib "^1.8.0"

"@aws-sdk/node-http-handler@1.0.0-gamma.7":
  version "1.0.0-gamma.7"
  resolved "https://registry.yarnpkg.com/@aws-sdk/node-http-handler/-/node-http-handler-1.0.0-gamma.7.tgz#82a8be63d02c5dc7be48e57cb21d8f19984763e3"
  dependencies:
    "@aws-sdk/abort-controller" "1.0.0-gamma.7"
    "@aws-sdk/protocol-http" "1.0.0-gamma.7"
    "@aws-sdk/querystring-builder" "1.0.0-gamma.7"
    "@aws-sdk/types" "1.0.0-gamma.6"
    tslib "^1.8.0"

"@aws-sdk/property-provider@1.0.0-gamma.7":
  version "1.0.0-gamma.7"
  resolved "https://registry.yarnpkg.com/@aws-sdk/property-provider/-/property-provider-1.0.0-gamma.7.tgz#ab81f5b572c0b04df5a63116e9329979413cc95c"
  dependencies:
    "@aws-sdk/types" "1.0.0-gamma.6"
    tslib "^1.8.0"

"@aws-sdk/protocol-http@1.0.0-gamma.7":
  version "1.0.0-gamma.7"
  resolved "https://registry.yarnpkg.com/@aws-sdk/protocol-http/-/protocol-http-1.0.0-gamma.7.tgz#0cd4a40347e929d38b15ee517a4595cc9a64da3d"
  dependencies:
    "@aws-sdk/types" "1.0.0-gamma.6"
    tslib "^1.8.0"

"@aws-sdk/querystring-builder@1.0.0-gamma.7":
  version "1.0.0-gamma.7"
  resolved "https://registry.yarnpkg.com/@aws-sdk/querystring-builder/-/querystring-builder-1.0.0-gamma.7.tgz#f3d0208ff57b24f081ff75d5a643f3d02518920c"
  dependencies:
    "@aws-sdk/types" "1.0.0-gamma.6"
    "@aws-sdk/util-uri-escape" "1.0.0-gamma.6"
    tslib "^1.8.0"

"@aws-sdk/querystring-parser@1.0.0-gamma.7":
  version "1.0.0-gamma.7"
  resolved "https://registry.yarnpkg.com/@aws-sdk/querystring-parser/-/querystring-parser-1.0.0-gamma.7.tgz#7b3ed3eb5ae2be9c13c42717ff2f5c216377ae9a"
  dependencies:
    "@aws-sdk/types" "1.0.0-gamma.6"
    tslib "^1.8.0"

"@aws-sdk/s3-request-presigner@1.0.0-gamma.7":
  version "1.0.0-gamma.7"
  resolved "https://registry.yarnpkg.com/@aws-sdk/s3-request-presigner/-/s3-request-presigner-1.0.0-gamma.7.tgz#8e989c6b6eda2426ba588d070f368e4fe7c6ad5b"
  dependencies:
    "@aws-sdk/protocol-http" "1.0.0-gamma.7"
    "@aws-sdk/signature-v4" "1.0.0-gamma.7"
    "@aws-sdk/smithy-client" "1.0.0-gamma.7"
    "@aws-sdk/types" "1.0.0-gamma.6"
    "@aws-sdk/util-create-request" "1.0.0-gamma.7"
    "@aws-sdk/util-format-url" "1.0.0-gamma.7"
    tslib "^1.8.0"

"@aws-sdk/service-error-classification@1.0.0-gamma.7":
  version "1.0.0-gamma.7"
  resolved "https://registry.yarnpkg.com/@aws-sdk/service-error-classification/-/service-error-classification-1.0.0-gamma.7.tgz#710f3acd1f87fda9d1caeb07559d50f8b82f071b"

"@aws-sdk/shared-ini-file-loader@1.0.0-gamma.6":
  version "1.0.0-gamma.6"
  resolved "https://registry.yarnpkg.com/@aws-sdk/shared-ini-file-loader/-/shared-ini-file-loader-1.0.0-gamma.6.tgz#cd79c8a54b0f6d9f70ad709ae9e7619801a3b7f4"
  dependencies:
    tslib "^1.8.0"

"@aws-sdk/signature-v4@1.0.0-gamma.7":
  version "1.0.0-gamma.7"
  resolved "https://registry.yarnpkg.com/@aws-sdk/signature-v4/-/signature-v4-1.0.0-gamma.7.tgz#030c1cb47e2b59862363ce1bee1901fd37bcaaf5"
  dependencies:
    "@aws-sdk/is-array-buffer" "1.0.0-gamma.6"
    "@aws-sdk/types" "1.0.0-gamma.6"
    "@aws-sdk/util-hex-encoding" "1.0.0-gamma.6"
    "@aws-sdk/util-uri-escape" "1.0.0-gamma.6"
    tslib "^1.8.0"

"@aws-sdk/smithy-client@1.0.0-gamma.7":
  version "1.0.0-gamma.7"
  resolved "https://registry.yarnpkg.com/@aws-sdk/smithy-client/-/smithy-client-1.0.0-gamma.7.tgz#20e602b15e2617d439bfd8f1b4cb17137f27561f"
  dependencies:
    "@aws-sdk/middleware-stack" "1.0.0-gamma.7"
    "@aws-sdk/types" "1.0.0-gamma.6"
    tslib "^1.8.0"

"@aws-sdk/types@1.0.0-gamma.6":
  version "1.0.0-gamma.6"
  resolved "https://registry.yarnpkg.com/@aws-sdk/types/-/types-1.0.0-gamma.6.tgz#ec2bbf8abe05632a1fb2468dbd76096691dcfb89"

"@aws-sdk/types@^1.0.0-alpha.0", "@aws-sdk/types@^1.0.0-rc.1":
  version "1.0.0-rc.2"
  resolved "https://registry.yarnpkg.com/@aws-sdk/types/-/types-1.0.0-rc.2.tgz#7547083fc2c6db9bd3101702b8b2a3ea254e65e7"

"@aws-sdk/url-parser-browser@1.0.0-gamma.7":
  version "1.0.0-gamma.7"
  resolved "https://registry.yarnpkg.com/@aws-sdk/url-parser-browser/-/url-parser-browser-1.0.0-gamma.7.tgz#aceaebd2b267b6251ff965fb51fc760a2785bae0"
  dependencies:
    "@aws-sdk/querystring-parser" "1.0.0-gamma.7"
    "@aws-sdk/types" "1.0.0-gamma.6"
    tslib "^1.8.0"

"@aws-sdk/url-parser-node@1.0.0-gamma.7":
  version "1.0.0-gamma.7"
  resolved "https://registry.yarnpkg.com/@aws-sdk/url-parser-node/-/url-parser-node-1.0.0-gamma.7.tgz#306061415401e99a502f044fd863261cdfe57a5b"
  dependencies:
    "@aws-sdk/querystring-parser" "1.0.0-gamma.7"
    "@aws-sdk/types" "1.0.0-gamma.6"
    tslib "^1.8.0"
    url "^0.11.0"

"@aws-sdk/util-arn-parser@1.0.0-gamma.3":
  version "1.0.0-gamma.3"
  resolved "https://registry.yarnpkg.com/@aws-sdk/util-arn-parser/-/util-arn-parser-1.0.0-gamma.3.tgz#5e0dc6c90de407346e8413456c714b107e539de1"
  dependencies:
    tslib "^1.8.0"

"@aws-sdk/util-base64-browser@1.0.0-gamma.6":
  version "1.0.0-gamma.6"
  resolved "https://registry.yarnpkg.com/@aws-sdk/util-base64-browser/-/util-base64-browser-1.0.0-gamma.6.tgz#43d538f717606eb355103e737107f4ac2273e857"
  dependencies:
    tslib "^1.8.0"

"@aws-sdk/util-base64-node@1.0.0-gamma.6":
  version "1.0.0-gamma.6"
  resolved "https://registry.yarnpkg.com/@aws-sdk/util-base64-node/-/util-base64-node-1.0.0-gamma.6.tgz#077c60fc074914221b0629e3a4c3d9c610122df1"
  dependencies:
    "@aws-sdk/util-buffer-from" "1.0.0-gamma.6"
    tslib "^1.8.0"

"@aws-sdk/util-body-length-browser@1.0.0-gamma.6":
  version "1.0.0-gamma.6"
  resolved "https://registry.yarnpkg.com/@aws-sdk/util-body-length-browser/-/util-body-length-browser-1.0.0-gamma.6.tgz#1af1876ff3769b7625bca34f359e66ecfb26c6df"
  dependencies:
    tslib "^1.8.0"

"@aws-sdk/util-body-length-node@1.0.0-gamma.6":
  version "1.0.0-gamma.6"
  resolved "https://registry.yarnpkg.com/@aws-sdk/util-body-length-node/-/util-body-length-node-1.0.0-gamma.6.tgz#9106cddef1e19055649cc055608423f75fb516ac"
  dependencies:
    tslib "^1.8.0"

"@aws-sdk/util-buffer-from@1.0.0-gamma.6":
  version "1.0.0-gamma.6"
  resolved "https://registry.yarnpkg.com/@aws-sdk/util-buffer-from/-/util-buffer-from-1.0.0-gamma.6.tgz#bc2bd1d4ab217975c1872cc5e7f23b3250d89d73"
  dependencies:
    "@aws-sdk/is-array-buffer" "1.0.0-gamma.6"
    tslib "^1.8.0"

"@aws-sdk/util-create-request@1.0.0-gamma.7":
  version "1.0.0-gamma.7"
  resolved "https://registry.yarnpkg.com/@aws-sdk/util-create-request/-/util-create-request-1.0.0-gamma.7.tgz#4f6e1384661c0ee5b103bb024015e882c00d7ebe"
  dependencies:
    "@aws-sdk/middleware-stack" "1.0.0-gamma.7"
    "@aws-sdk/smithy-client" "1.0.0-gamma.7"
    "@aws-sdk/types" "1.0.0-gamma.6"
    tslib "^1.8.0"

"@aws-sdk/util-format-url@1.0.0-gamma.7":
  version "1.0.0-gamma.7"
  resolved "https://registry.yarnpkg.com/@aws-sdk/util-format-url/-/util-format-url-1.0.0-gamma.7.tgz#72ff6a20237ad8d252607a138d9585eefeb6f242"
  dependencies:
    "@aws-sdk/querystring-builder" "1.0.0-gamma.7"
    "@aws-sdk/types" "1.0.0-gamma.6"
    tslib "^1.8.0"

"@aws-sdk/util-hex-encoding@1.0.0-gamma.6":
  version "1.0.0-gamma.6"
  resolved "https://registry.yarnpkg.com/@aws-sdk/util-hex-encoding/-/util-hex-encoding-1.0.0-gamma.6.tgz#adc3931069ba538e415fff4e860d670a417e1ea7"
  dependencies:
    tslib "^1.8.0"

"@aws-sdk/util-locate-window@^1.0.0-rc.1":
  version "1.0.0-rc.2"
  resolved "https://registry.yarnpkg.com/@aws-sdk/util-locate-window/-/util-locate-window-1.0.0-rc.2.tgz#78672b4e8ddbdf1f21adfe020746005dbc8f1660"
  dependencies:
    tslib "^1.8.0"

"@aws-sdk/util-uri-escape@1.0.0-gamma.6":
  version "1.0.0-gamma.6"
  resolved "https://registry.yarnpkg.com/@aws-sdk/util-uri-escape/-/util-uri-escape-1.0.0-gamma.6.tgz#27e5576a087a96482880527621a0dc5065d26af9"
  dependencies:
    tslib "^1.8.0"

"@aws-sdk/util-user-agent-browser@1.0.0-gamma.7":
  version "1.0.0-gamma.7"
  resolved "https://registry.yarnpkg.com/@aws-sdk/util-user-agent-browser/-/util-user-agent-browser-1.0.0-gamma.7.tgz#c775b28cf347c81f23de0729f28c70bdfbfdabea"
  dependencies:
    "@aws-sdk/types" "1.0.0-gamma.6"
    tslib "^1.8.0"

"@aws-sdk/util-user-agent-node@1.0.0-gamma.7":
  version "1.0.0-gamma.7"
  resolved "https://registry.yarnpkg.com/@aws-sdk/util-user-agent-node/-/util-user-agent-node-1.0.0-gamma.7.tgz#814204475a95a6e3e4dc78a70d41a1104645b06d"
  dependencies:
    "@aws-sdk/types" "1.0.0-gamma.6"
    tslib "^1.8.0"

"@aws-sdk/util-utf8-browser@1.0.0-gamma.6":
  version "1.0.0-gamma.6"
  resolved "https://registry.yarnpkg.com/@aws-sdk/util-utf8-browser/-/util-utf8-browser-1.0.0-gamma.6.tgz#bdf5bcc98683eff184d8da00cc101d3e05b44614"
  dependencies:
    tslib "^1.8.0"

"@aws-sdk/util-utf8-browser@^1.0.0-alpha.0", "@aws-sdk/util-utf8-browser@^1.0.0-rc.1":
  version "1.0.0-rc.2"
  resolved "https://registry.yarnpkg.com/@aws-sdk/util-utf8-browser/-/util-utf8-browser-1.0.0-rc.2.tgz#e6d8c45b61b1d66f944e56f6b1e538786326b717"
  dependencies:
    tslib "^1.8.0"

"@aws-sdk/util-utf8-node@1.0.0-gamma.6":
  version "1.0.0-gamma.6"
  resolved "https://registry.yarnpkg.com/@aws-sdk/util-utf8-node/-/util-utf8-node-1.0.0-gamma.6.tgz#94d933ee8b0daf7800ce1f3a2d25e3241ae0e602"
  dependencies:
    "@aws-sdk/util-buffer-from" "1.0.0-gamma.6"
    tslib "^1.8.0"

"@aws-sdk/xml-builder@1.0.0-gamma.6":
  version "1.0.0-gamma.6"
  resolved "https://registry.yarnpkg.com/@aws-sdk/xml-builder/-/xml-builder-1.0.0-gamma.6.tgz#156522929155611bd9fdbd479a791f43437a125f"
  dependencies:
    tslib "^1.8.0"

"@sinonjs/commons@^1", "@sinonjs/commons@^1.3.0", "@sinonjs/commons@^1.4.0", "@sinonjs/commons@^1.7.0":
  version "1.8.1"
  resolved "https://registry.yarnpkg.com/@sinonjs/commons/-/commons-1.8.1.tgz#e7df00f98a203324f6dc7cc606cad9d4a8ab2217"
  dependencies:
    type-detect "4.0.8"

"@sinonjs/formatio@^3.2.1":
  version "3.2.2"
  resolved "https://registry.yarnpkg.com/@sinonjs/formatio/-/formatio-3.2.2.tgz#771c60dfa75ea7f2d68e3b94c7e888a78781372c"
  dependencies:
    "@sinonjs/commons" "^1"
    "@sinonjs/samsam" "^3.1.0"

"@sinonjs/samsam@^3.1.0", "@sinonjs/samsam@^3.3.3":
  version "3.3.3"
  resolved "https://registry.yarnpkg.com/@sinonjs/samsam/-/samsam-3.3.3.tgz#46682efd9967b259b81136b9f120fd54585feb4a"
  dependencies:
    "@sinonjs/commons" "^1.3.0"
    array-from "^2.1.1"
    lodash "^4.17.15"

"@sinonjs/text-encoding@^0.7.1":
  version "0.7.1"
  resolved "https://registry.yarnpkg.com/@sinonjs/text-encoding/-/text-encoding-0.7.1.tgz#8da5c6530915653f3a1f38fd5f101d8c3f8079c5"

"@types/cookie@^0.3.3":
  version "0.3.3"
  resolved "https://registry.yarnpkg.com/@types/cookie/-/cookie-0.3.3.tgz#85bc74ba782fb7aa3a514d11767832b0e3bc6803"

amazon-cognito-identity-js@^4.5.0:
  version "4.5.0"
  resolved "https://registry.yarnpkg.com/amazon-cognito-identity-js/-/amazon-cognito-identity-js-4.5.0.tgz#5130b10ffa6e51fc9d0b6e58cc1896102fc43de7"
  dependencies:
    buffer "4.9.1"
    crypto-js "^3.3.0"
    isomorphic-unfetch "^3.0.0"
    js-cookie "^2.2.1"

ansi-regex@^4.1.0:
  version "4.1.0"
  resolved "https://registry.yarnpkg.com/ansi-regex/-/ansi-regex-4.1.0.tgz#8b9f8f08cf1acb843756a839ca8c7e3168c51997"

ansi-styles@^3.2.0:
  version "3.2.1"
  resolved "https://registry.yarnpkg.com/ansi-styles/-/ansi-styles-3.2.1.tgz#41fbb20243e50b12be0f04b8dedbf07520ce841d"
  dependencies:
    color-convert "^1.9.0"

array-from@^2.1.1:
  version "2.1.1"
  resolved "https://registry.yarnpkg.com/array-from/-/array-from-2.1.1.tgz#cfe9d8c26628b9dc5aecc62a9f5d8f1f352c1195"

axios@0.19.0:
  version "0.19.0"
  resolved "https://registry.yarnpkg.com/axios/-/axios-0.19.0.tgz#8e09bff3d9122e133f7b8101c8fbdd00ed3d2ab8"
  dependencies:
    follow-redirects "1.5.10"
    is-buffer "^2.0.2"

base64-js@^1.0.2, base64-js@^1.3.1:
  version "1.3.1"
  resolved "https://registry.yarnpkg.com/base64-js/-/base64-js-1.3.1.tgz#58ece8cb75dd07e71ed08c736abc5fac4dbf8df1"

buffer-alloc-unsafe@^1.1.0:
  version "1.1.0"
  resolved "https://registry.yarnpkg.com/buffer-alloc-unsafe/-/buffer-alloc-unsafe-1.1.0.tgz#bd7dc26ae2972d0eda253be061dba992349c19f0"

buffer-alloc@^1.2.0:
  version "1.2.0"
  resolved "https://registry.yarnpkg.com/buffer-alloc/-/buffer-alloc-1.2.0.tgz#890dd90d923a873e08e10e5fd51a57e5b7cce0ec"
  dependencies:
    buffer-alloc-unsafe "^1.1.0"
    buffer-fill "^1.0.0"

buffer-fill@^1.0.0:
  version "1.0.0"
  resolved "https://registry.yarnpkg.com/buffer-fill/-/buffer-fill-1.0.0.tgz#f8f78b76789888ef39f205cd637f68e702122b2c"

buffer-from@^1.1.1:
  version "1.1.1"
  resolved "https://registry.yarnpkg.com/buffer-from/-/buffer-from-1.1.1.tgz#32713bc028f75c02fdb710d7c7bcec1f2c6070ef"

buffer@4.9.1:
  version "4.9.1"
  resolved "https://registry.yarnpkg.com/buffer/-/buffer-4.9.1.tgz#6d1bb601b07a4efced97094132093027c95bc298"
  dependencies:
    base64-js "^1.0.2"
    ieee754 "^1.1.4"
    isarray "^1.0.0"

buffer@^5.4.3:
  version "5.6.1"
  resolved "https://registry.yarnpkg.com/buffer/-/buffer-5.6.1.tgz#b99419405f4290a7a1f20b51037cee9f1fbd7f6a"
  dependencies:
    base64-js "^1.3.1"
    ieee754 "^1.1.13"

camelcase@^5.0.0:
  version "5.3.1"
  resolved "https://registry.yarnpkg.com/camelcase/-/camelcase-5.3.1.tgz#e3c9b31569e106811df242f715725a1f4c494320"

cliui@^5.0.0:
  version "5.0.0"
  resolved "https://registry.yarnpkg.com/cliui/-/cliui-5.0.0.tgz#deefcfdb2e800784aa34f46fa08e06851c7bbbc5"
  dependencies:
    string-width "^3.1.0"
    strip-ansi "^5.2.0"
    wrap-ansi "^5.1.0"

color-convert@^1.9.0:
  version "1.9.3"
  resolved "https://registry.yarnpkg.com/color-convert/-/color-convert-1.9.3.tgz#bb71850690e1f136567de629d2d5471deda4c1e8"
  dependencies:
    color-name "1.1.3"

color-name@1.1.3:
  version "1.1.3"
  resolved "https://registry.yarnpkg.com/color-name/-/color-name-1.1.3.tgz#a7d0558bd89c42f795dd42328f740831ca53bc25"

cookie@^0.4.0:
  version "0.4.1"
  resolved "https://registry.yarnpkg.com/cookie/-/cookie-0.4.1.tgz#afd713fe26ebd21ba95ceb61f9a8116e50a537d1"

crypto-js@^3.3.0:
  version "3.3.0"
  resolved "https://registry.yarnpkg.com/crypto-js/-/crypto-js-3.3.0.tgz#846dd1cce2f68aacfa156c8578f926a609b7976b"

debug@=3.1.0:
  version "3.1.0"
  resolved "https://registry.yarnpkg.com/debug/-/debug-3.1.0.tgz#5bb5a0672628b64149566ba16819e61518c67261"
  dependencies:
    ms "2.0.0"

decamelize@^1.2.0:
  version "1.2.0"
  resolved "https://registry.yarnpkg.com/decamelize/-/decamelize-1.2.0.tgz#f6534d15148269b20352e7bee26f501f9a191290"

diff@^3.5.0:
  version "3.5.0"
  resolved "https://registry.yarnpkg.com/diff/-/diff-3.5.0.tgz#800c0dd1e0a8bfbc95835c202ad220fe317e5a12"

dijkstrajs@^1.0.1:
  version "1.0.1"
  resolved "https://registry.yarnpkg.com/dijkstrajs/-/dijkstrajs-1.0.1.tgz#d3cd81221e3ea40742cfcde556d4e99e98ddc71b"

emoji-regex@^7.0.1:
  version "7.0.3"
  resolved "https://registry.yarnpkg.com/emoji-regex/-/emoji-regex-7.0.3.tgz#933a04052860c85e83c122479c4748a8e4c72156"

events@^3.1.0:
  version "3.2.0"
  resolved "https://registry.yarnpkg.com/events/-/events-3.2.0.tgz#93b87c18f8efcd4202a461aec4dfc0556b639379"

fast-base64-decode@^1.0.0:
  version "1.0.0"
  resolved "https://registry.yarnpkg.com/fast-base64-decode/-/fast-base64-decode-1.0.0.tgz#b434a0dd7d92b12b43f26819300d2dafb83ee418"

fast-xml-parser@^3.16.0:
  version "3.17.4"
  resolved "https://registry.yarnpkg.com/fast-xml-parser/-/fast-xml-parser-3.17.4.tgz#d668495fb3e4bbcf7970f3c24ac0019d82e76477"

find-up@^3.0.0:
  version "3.0.0"
  resolved "https://registry.yarnpkg.com/find-up/-/find-up-3.0.0.tgz#49169f1d7993430646da61ecc5ae355c21c97b73"
  dependencies:
    locate-path "^3.0.0"

follow-redirects@1.5.10:
  version "1.5.10"
  resolved "https://registry.yarnpkg.com/follow-redirects/-/follow-redirects-1.5.10.tgz#7b7a9f9aea2fdff36786a94ff643ed07f4ff5e2a"
  dependencies:
    debug "=3.1.0"

get-caller-file@^2.0.1:
  version "2.0.5"
  resolved "https://registry.yarnpkg.com/get-caller-file/-/get-caller-file-2.0.5.tgz#4f94412a82db32f36e3b0b9741f8a97feb031f7e"

has-flag@^3.0.0:
  version "3.0.0"
  resolved "https://registry.yarnpkg.com/has-flag/-/has-flag-3.0.0.tgz#b5d454dc2199ae225699f3467e5a07f3b955bafd"

ieee754@^1.1.13, ieee754@^1.1.4:
  version "1.1.13"
  resolved "https://registry.yarnpkg.com/ieee754/-/ieee754-1.1.13.tgz#ec168558e95aa181fd87d37f55c32bbcb6708b84"

is-buffer@^2.0.2:
  version "2.0.4"
  resolved "https://registry.yarnpkg.com/is-buffer/-/is-buffer-2.0.4.tgz#3e572f23c8411a5cfd9557c849e3665e0b290623"

is-fullwidth-code-point@^2.0.0:
  version "2.0.0"
  resolved "https://registry.yarnpkg.com/is-fullwidth-code-point/-/is-fullwidth-code-point-2.0.0.tgz#a3b30a5c4f199183167aaab93beefae3ddfb654f"

isarray@0.0.1:
  version "0.0.1"
  resolved "https://registry.yarnpkg.com/isarray/-/isarray-0.0.1.tgz#8a18acfca9a8f4177e09abfc6038939b05d1eedf"

isarray@^1.0.0:
  version "1.0.0"
  resolved "https://registry.yarnpkg.com/isarray/-/isarray-1.0.0.tgz#bb935d48582cba168c06834957a54a3e07124f11"

isarray@^2.0.1:
  version "2.0.5"
  resolved "https://registry.yarnpkg.com/isarray/-/isarray-2.0.5.tgz#8af1e4c1221244cc62459faf38940d4e644a5723"

isomorphic-unfetch@^3.0.0:
  version "3.1.0"
  resolved "https://registry.yarnpkg.com/isomorphic-unfetch/-/isomorphic-unfetch-3.1.0.tgz#87341d5f4f7b63843d468438128cb087b7c3e98f"
  dependencies:
    node-fetch "^2.6.1"
    unfetch "^4.2.0"

js-cookie@^2.2.1:
  version "2.2.1"
  resolved "https://registry.yarnpkg.com/js-cookie/-/js-cookie-2.2.1.tgz#69e106dc5d5806894562902aa5baec3744e9b2b8"

just-extend@^4.0.2:
  version "4.1.1"
  resolved "https://registry.yarnpkg.com/just-extend/-/just-extend-4.1.1.tgz#158f1fdb01f128c411dc8b286a7b4837b3545282"

locate-path@^3.0.0:
  version "3.0.0"
  resolved "https://registry.yarnpkg.com/locate-path/-/locate-path-3.0.0.tgz#dbec3b3ab759758071b58fe59fc41871af21400e"
  dependencies:
    p-locate "^3.0.0"
    path-exists "^3.0.0"

lodash@^4.17.15:
  version "4.17.20"
  resolved "https://registry.yarnpkg.com/lodash/-/lodash-4.17.20.tgz#b44a9b6297bcb698f1c51a3545a2b3b368d59c52"

lolex@^4.2.0:
  version "4.2.0"
  resolved "https://registry.yarnpkg.com/lolex/-/lolex-4.2.0.tgz#ddbd7f6213ca1ea5826901ab1222b65d714b3cd7"

lolex@^5.0.1:
  version "5.1.2"
  resolved "https://registry.yarnpkg.com/lolex/-/lolex-5.1.2.tgz#953694d098ce7c07bc5ed6d0e42bc6c0c6d5a367"
  dependencies:
    "@sinonjs/commons" "^1.7.0"

ms@2.0.0:
  version "2.0.0"
  resolved "https://registry.yarnpkg.com/ms/-/ms-2.0.0.tgz#5608aeadfc00be6c2901df5f9861788de0d597c8"

nise@^1.5.2:
  version "1.5.3"
  resolved "https://registry.yarnpkg.com/nise/-/nise-1.5.3.tgz#9d2cfe37d44f57317766c6e9408a359c5d3ac1f7"
  dependencies:
    "@sinonjs/formatio" "^3.2.1"
    "@sinonjs/text-encoding" "^0.7.1"
    just-extend "^4.0.2"
    lolex "^5.0.1"
    path-to-regexp "^1.7.0"

node-fetch@^2.6.1:
  version "2.6.1"
  resolved "https://registry.yarnpkg.com/node-fetch/-/node-fetch-2.6.1.tgz#045bd323631f76ed2e2b55573394416b639a0052"

p-limit@^2.0.0:
  version "2.3.0"
  resolved "https://registry.yarnpkg.com/p-limit/-/p-limit-2.3.0.tgz#3dd33c647a214fdfffd835933eb086da0dc21db1"
  dependencies:
    p-try "^2.0.0"

p-locate@^3.0.0:
  version "3.0.0"
  resolved "https://registry.yarnpkg.com/p-locate/-/p-locate-3.0.0.tgz#322d69a05c0264b25997d9f40cd8a891ab0064a4"
  dependencies:
    p-limit "^2.0.0"

p-try@^2.0.0:
  version "2.2.0"
  resolved "https://registry.yarnpkg.com/p-try/-/p-try-2.2.0.tgz#cb2868540e313d61de58fafbe35ce9004d5540e6"

path-exists@^3.0.0:
  version "3.0.0"
  resolved "https://registry.yarnpkg.com/path-exists/-/path-exists-3.0.0.tgz#ce0ebeaa5f78cb18925ea7d810d7b59b010fd515"

path-to-regexp@^1.7.0:
  version "1.8.0"
  resolved "https://registry.yarnpkg.com/path-to-regexp/-/path-to-regexp-1.8.0.tgz#887b3ba9d84393e87a0a0b9f4cb756198b53548a"
  dependencies:
    isarray "0.0.1"

pngjs@^3.3.0:
  version "3.4.0"
  resolved "https://registry.yarnpkg.com/pngjs/-/pngjs-3.4.0.tgz#99ca7d725965fb655814eaf65f38f12bbdbf555f"

punycode@1.3.2:
  version "1.3.2"
  resolved "https://registry.yarnpkg.com/punycode/-/punycode-1.3.2.tgz#9653a036fb7c1ee42342f2325cceefea3926c48d"

qrcode@^1.4.4:
  version "1.4.4"
  resolved "https://registry.yarnpkg.com/qrcode/-/qrcode-1.4.4.tgz#f0c43568a7e7510a55efc3b88d9602f71963ea83"
  dependencies:
    buffer "^5.4.3"
    buffer-alloc "^1.2.0"
    buffer-from "^1.1.1"
    dijkstrajs "^1.0.1"
    isarray "^2.0.1"
    pngjs "^3.3.0"
    yargs "^13.2.4"

querystring@0.2.0:
  version "0.2.0"
  resolved "https://registry.yarnpkg.com/querystring/-/querystring-0.2.0.tgz#b209849203bb25df820da756e747005878521620"

react-native-get-random-values@^1.4.0:
  version "1.5.0"
  resolved "https://registry.yarnpkg.com/react-native-get-random-values/-/react-native-get-random-values-1.5.0.tgz#91cda18f0e66e3d9d7660ba80c61c914030c1e05"
  dependencies:
    fast-base64-decode "^1.0.0"

require-directory@^2.1.1:
  version "2.1.1"
  resolved "https://registry.yarnpkg.com/require-directory/-/require-directory-2.1.1.tgz#8c64ad5fd30dab1c976e2344ffe7f792a6a6df42"

require-main-filename@^2.0.0:
  version "2.0.0"
  resolved "https://registry.yarnpkg.com/require-main-filename/-/require-main-filename-2.0.0.tgz#d0b329ecc7cc0f61649f62215be69af54aa8989b"

set-blocking@^2.0.0:
  version "2.0.0"
  resolved "https://registry.yarnpkg.com/set-blocking/-/set-blocking-2.0.0.tgz#045f9782d011ae9a6803ddd382b24392b3d890f7"

sinon@^7.5.0:
  version "7.5.0"
  resolved "https://registry.yarnpkg.com/sinon/-/sinon-7.5.0.tgz#e9488ea466070ea908fd44a3d6478fd4923c67ec"
  dependencies:
    "@sinonjs/commons" "^1.4.0"
    "@sinonjs/formatio" "^3.2.1"
    "@sinonjs/samsam" "^3.3.3"
    diff "^3.5.0"
    lolex "^4.2.0"
    nise "^1.5.2"
    supports-color "^5.5.0"

string-width@^3.0.0, string-width@^3.1.0:
  version "3.1.0"
  resolved "https://registry.yarnpkg.com/string-width/-/string-width-3.1.0.tgz#22767be21b62af1081574306f69ac51b62203961"
  dependencies:
    emoji-regex "^7.0.1"
    is-fullwidth-code-point "^2.0.0"
    strip-ansi "^5.1.0"

strip-ansi@^5.0.0, strip-ansi@^5.1.0, strip-ansi@^5.2.0:
  version "5.2.0"
  resolved "https://registry.yarnpkg.com/strip-ansi/-/strip-ansi-5.2.0.tgz#8c9a536feb6afc962bdfa5b104a5091c1ad9c0ae"
  dependencies:
    ansi-regex "^4.1.0"

supports-color@^5.5.0:
  version "5.5.0"
  resolved "https://registry.yarnpkg.com/supports-color/-/supports-color-5.5.0.tgz#e2e69a44ac8772f78a1ec0b35b689df6530efc8f"
  dependencies:
    has-flag "^3.0.0"

tslib@^1.11.1, tslib@^1.8.0, tslib@^1.9.3:
  version "1.14.1"
  resolved "https://registry.yarnpkg.com/tslib/-/tslib-1.14.1.tgz#cf2d38bdc34a134bcaf1091c41f6619e2f672d00"

tslib@^2.0.0:
  version "2.0.3"
  resolved "https://registry.yarnpkg.com/tslib/-/tslib-2.0.3.tgz#8e0741ac45fc0c226e58a17bfc3e64b9bc6ca61c"

type-detect@4.0.8:
  version "4.0.8"
  resolved "https://registry.yarnpkg.com/type-detect/-/type-detect-4.0.8.tgz#7646fb5f18871cfbb7749e69bd39a6388eb7450c"

unfetch@^4.2.0:
  version "4.2.0"
  resolved "https://registry.yarnpkg.com/unfetch/-/unfetch-4.2.0.tgz#7e21b0ef7d363d8d9af0fb929a5555f6ef97a3be"

universal-cookie@^4.0.4:
  version "4.0.4"
  resolved "https://registry.yarnpkg.com/universal-cookie/-/universal-cookie-4.0.4.tgz#06e8b3625bf9af049569ef97109b4bb226ad798d"
  dependencies:
    "@types/cookie" "^0.3.3"
    cookie "^0.4.0"

url@^0.11.0:
  version "0.11.0"
  resolved "https://registry.yarnpkg.com/url/-/url-0.11.0.tgz#3838e97cfc60521eb73c525a8e55bfdd9e2e28f1"
  dependencies:
    punycode "1.3.2"
    querystring "0.2.0"

uuid@^3.0.0:
  version "3.4.0"
  resolved "https://registry.yarnpkg.com/uuid/-/uuid-3.4.0.tgz#b23e4358afa8a202fe7a100af1f5f883f02007ee"

uuid@^8.2.0:
  version "8.3.1"
  resolved "https://registry.yarnpkg.com/uuid/-/uuid-8.3.1.tgz#2ba2e6ca000da60fce5a196954ab241131e05a31"

which-module@^2.0.0:
  version "2.0.0"
  resolved "https://registry.yarnpkg.com/which-module/-/which-module-2.0.0.tgz#d9ef07dce77b9902b8a3a8fa4b31c3e3f7e6e87a"

wrap-ansi@^5.1.0:
  version "5.1.0"
  resolved "https://registry.yarnpkg.com/wrap-ansi/-/wrap-ansi-5.1.0.tgz#1fd1f67235d5b6d0fee781056001bfb694c03b09"
  dependencies:
    ansi-styles "^3.2.0"
    string-width "^3.0.0"
    strip-ansi "^5.0.0"

y18n@^4.0.0:
  version "4.0.0"
  resolved "https://registry.yarnpkg.com/y18n/-/y18n-4.0.0.tgz#95ef94f85ecc81d007c264e190a120f0a3c8566b"

yargs-parser@^13.1.2:
  version "13.1.2"
  resolved "https://registry.yarnpkg.com/yargs-parser/-/yargs-parser-13.1.2.tgz#130f09702ebaeef2650d54ce6e3e5706f7a4fb38"
  dependencies:
    camelcase "^5.0.0"
    decamelize "^1.2.0"

yargs@^13.2.4:
  version "13.3.2"
  resolved "https://registry.yarnpkg.com/yargs/-/yargs-13.3.2.tgz#ad7ffefec1aa59565ac915f82dccb38a9c31a2dd"
  dependencies:
    cliui "^5.0.0"
    find-up "^3.0.0"
    get-caller-file "^2.0.1"
    require-directory "^2.1.1"
    require-main-filename "^2.0.0"
    set-blocking "^2.0.0"
    string-width "^3.0.0"
    which-module "^2.0.0"
    y18n "^4.0.0"
    yargs-parser "^13.1.2"

zen-observable-ts@0.8.19:
  version "0.8.19"
  resolved "https://registry.yarnpkg.com/zen-observable-ts/-/zen-observable-ts-0.8.19.tgz#c094cd20e83ddb02a11144a6e2a89706946b5694"
  dependencies:
    tslib "^1.9.3"
    zen-observable "^0.8.0"

zen-observable@^0.8.0:
  version "0.8.15"
  resolved "https://registry.yarnpkg.com/zen-observable/-/zen-observable-0.8.15.tgz#96415c512d8e3ffd920afd3889604e30b9eaac15"
